
Microsoft Visual Studio Solution File, Format Version 12.00
# Visual Studio Version 17
VisualStudioVersion = 17.5.33502.453
MinimumVisualStudioVersion = 10.0.40219.1
Project("{8BC9CEB8-8B4A-11D0-8D11-00A0C91BC942}") = "Prototype", "Prototype\Prototype.vcxproj", "{CCAA2A99-C703-43FE-9210-4D0E096814E8}"
EndProject
Global
	GlobalSection(SolutionConfigurationPlatforms) = preSolution
		Debug|ARM = Debug|ARM
		Debug|ARM64 = Debug|ARM64
		Release|ARM = Release|ARM
		Release|ARM64 = Release|ARM64
	EndGlobalSection
	GlobalSection(ProjectConfigurationPlatforms) = postSolution
		{CCAA2A99-C703-43FE-9210-4D0E096814E8}.Debug|ARM.ActiveCfg = Debug|ARM
		{CCAA2A99-C703-43FE-9210-4D0E096814E8}.Debug|ARM.Build.0 = Debug|ARM
		{CCAA2A99-C703-43FE-9210-4D0E096814E8}.Debug|ARM.Deploy.0 = Debug|ARM
		{CCAA2A99-C703-43FE-9210-4D0E096814E8}.Debug|ARM64.ActiveCfg = Debug|ARM64
		{CCAA2A99-C703-43FE-9210-4D0E096814E8}.Debug|ARM64.Build.0 = Debug|ARM64
		{CCAA2A99-C703-43FE-9210-4D0E096814E8}.Debug|ARM64.Deploy.0 = Debug|ARM64
		{CCAA2A99-C703-43FE-9210-4D0E096814E8}.Release|ARM.ActiveCfg = Release|ARM
		{CCAA2A99-C703-43FE-9210-4D0E096814E8}.Release|ARM.Build.0 = Release|ARM
		{CCAA2A99-C703-43FE-9210-4D0E096814E8}.Release|ARM.Deploy.0 = Release|ARM
		{CCAA2A99-C703-43FE-9210-4D0E096814E8}.Release|ARM64.ActiveCfg = Release|ARM64
		{CCAA2A99-C703-43FE-9210-4D0E096814E8}.Release|ARM64.Build.0 = Release|ARM64
		{CCAA2A99-C703-43FE-9210-4D0E096814E8}.Release|ARM64.Deploy.0 = Release|ARM64
	EndGlobalSection
	GlobalSection(SolutionProperties) = preSolution
		HideSolutionNode = FALSE
	EndGlobalSection
	GlobalSection(ExtensibilityGlobals) = postSolution
		SolutionGuid = {04257CF3-A534-43C1-B76B-FB01BB095313}
	EndGlobalSection
EndGlobal
